
Microsoft Visual Studio Solution File, Format Version 12.00
# Visual Studio Version 17
VisualStudioVersion = 17.0.32014.148
MinimumVisualStudioVersion = 10.0.40219.1
Project("{9A19103F-16F7-4668-BE54-9A1E7A4F7556}") = "BlazorMVVM", "BlazorMVVM.csproj", "{811FDAF3-4714-44AA-973A-94547D50A68D}"
EndProject
Project("{9A19103F-16F7-4668-BE54-9A1E7A4F7556}") = "Infrastructure.MVVM", "..\Infrastructure.MVVM\Infrastructure.MVVM.csproj", "{27626003-AAD1-4B19-8D21-DE33C1723F73}"
EndProject
Project("{9A19103F-16F7-4668-BE54-9A1E7A4F7556}") = "Infrastructure.Blazor.Controls", "..\Infrastructure.Blazor.Controls\Infrastructure.Blazor.Controls.csproj", "{AE4C7170-AF20-4CFD-8D30-05C83B5DF954}"
EndProject
Global
	GlobalSection(SolutionConfigurationPlatforms) = preSolution
		Debug|Any CPU = Debug|Any CPU
		Release|Any CPU = Release|Any CPU
	EndGlobalSection
	GlobalSection(ProjectConfigurationPlatforms) = postSolution
		{811FDAF3-4714-44AA-973A-94547D50A68D}.Debug|Any CPU.ActiveCfg = Debug|Any CPU
		{811FDAF3-4714-44AA-973A-94547D50A68D}.Debug|Any CPU.Build.0 = Debug|Any CPU
		{811FDAF3-4714-44AA-973A-94547D50A68D}.Release|Any CPU.ActiveCfg = Release|Any CPU
		{811FDAF3-4714-44AA-973A-94547D50A68D}.Release|Any CPU.Build.0 = Release|Any CPU
		{27626003-AAD1-4B19-8D21-DE33C1723F73}.Debug|Any CPU.ActiveCfg = Debug|Any CPU
		{27626003-AAD1-4B19-8D21-DE33C1723F73}.Debug|Any CPU.Build.0 = Debug|Any CPU
		{27626003-AAD1-4B19-8D21-DE33C1723F73}.Release|Any CPU.ActiveCfg = Release|Any CPU
		{27626003-AAD1-4B19-8D21-DE33C1723F73}.Release|Any CPU.Build.0 = Release|Any CPU
		{AE4C7170-AF20-4CFD-8D30-05C83B5DF954}.Debug|Any CPU.ActiveCfg = Debug|Any CPU
		{AE4C7170-AF20-4CFD-8D30-05C83B5DF954}.Debug|Any CPU.Build.0 = Debug|Any CPU
		{AE4C7170-AF20-4CFD-8D30-05C83B5DF954}.Release|Any CPU.ActiveCfg = Release|Any CPU
		{AE4C7170-AF20-4CFD-8D30-05C83B5DF954}.Release|Any CPU.Build.0 = Release|Any CPU
	EndGlobalSection
	GlobalSection(SolutionProperties) = preSolution
		HideSolutionNode = FALSE
	EndGlobalSection
	GlobalSection(ExtensibilityGlobals) = postSolution
		SolutionGuid = {A2EEE934-5940-46E8-B88C-AEB0264B8DB9}
	EndGlobalSection
EndGlobal
